{
    "_readme": [
        "This file locks the dependencies of your project to a known state",
        "Read more about it at https://getcomposer.org/doc/01-basic-usage.md#composer-lock-the-lock-file",
        "This file is @generated automatically"
    ],
    "content-hash": "3f27822347ffa64c96b81eb392ab0103",
    "packages": [
        {
            "name": "half2me/curlx",
            "version": "1.0.0",
            "source": {
                "type": "git",
                "url": "https://github.com/half2me/curlx.git",
                "reference": "f10a644bdc8a694a6a4d7ba97a442c1150e5a59c"
            },
            "dist": {
                "type": "zip",
                "url": "https://api.github.com/repos/half2me/curlx/zipball/f10a644bdc8a694a6a4d7ba97a442c1150e5a59c",
                "reference": "f10a644bdc8a694a6a4d7ba97a442c1150e5a59c",
                "shasum": ""
            },
            "require": {
                "php": ">=5.6"
            },
            "require-dev": {
                "cakephp/cakephp-codesniffer": "dev-master",
                "phpunit/phpunit": "~5.2"
            },
            "type": "library",
            "extra": {
                "installer-name": "CurlX"
            },
            "autoload": {
                "psr-4": {
                    "CurlX\\": "src"
                }
            },
            "notification-url": "https://packagist.org/downloads/",
            "license": [
                "MIT"
            ],
            "authors": [
                {
                    "name": "Benjamin Tamasi",
                    "email": "h@lfto.me",
                    "homepage": "http://lfto.me",
                    "role": "Developer"
                },
                {
                    "name": "marcushat",
                    "homepage": "https://github.com/marcushat/RollingCurlX",
                    "role": "Developer"
                }
            ],
            "description": "Easy to use wrapper for cUrl Multi",
            "homepage": "https://github.com/half2me/curlx",
            "keywords": [
                "Thread",
                "async",
                "curl",
                "multi"
            ],
            "time": "2016-02-12T22:24:34+00:00"
        }
    ],
    "packages-dev": [],
    "aliases": [],
    "minimum-stability": "stable",
    "stability-flags": [],
    "prefer-stable": false,
    "prefer-lowest": false,
    "platform": [],
    "platform-dev": []
}
